// !$*UTF8*$!
{
	archiveVersion = 1;
	classes = {
	};
	objectVersion = 56;
	objects = {

/* Begin PBXBuildFile section */
		CE15DBE5299CBEFD008D654F /* SidebarCategory.swift in Sources */ = {isa = PBXBuildFile; fileRef = CE15DBE4299CBEFD008D654F /* SidebarCategory.swift */; };
		CE15DBE7299CBF78008D654F /* Inspector.swift in Sources */ = {isa = PBXBuildFile; fileRef = CE15DBE6299CBF78008D654F /* Inspector.swift */; };
		CE15DBEA299CC4A1008D654F /* StartDetail.swift in Sources */ = {isa = PBXBuildFile; fileRef = CE15DBE9299CC4A1008D654F /* StartDetail.swift */; };
		CE15DBEC299CC5BB008D654F /* RecipeReference.swift in Sources */ = {isa = PBXBuildFile; fileRef = CE15DBEB299CC5BB008D654F /* RecipeReference.swift */; };
		CE15DBF3299CD514008D654F /* EGroupDetail.swift in Sources */ = {isa = PBXBuildFile; fileRef = CE15DBF2299CD514008D654F /* EGroupDetail.swift */; };
		CE15DBF5299CEFFE008D654F /* DoubleTapContainer.swift in Sources */ = {isa = PBXBuildFile; fileRef = CE15DBF4299CEFFE008D654F /* DoubleTapContainer.swift */; };
		CE15DBF8299DBAA6008D654F /* Recipeinfo.swift in Sources */ = {isa = PBXBuildFile; fileRef = CE15DBF7299DBAA6008D654F /* Recipeinfo.swift */; };
		CE15DBFA299DBAB5008D654F /* Elementinfo.swift in Sources */ = {isa = PBXBuildFile; fileRef = CE15DBF9299DBAB5008D654F /* Elementinfo.swift */; };
		CE15DBFC299DBAC0008D654F /* Vendorinfo.swift in Sources */ = {isa = PBXBuildFile; fileRef = CE15DBFB299DBAC0008D654F /* Vendorinfo.swift */; };
		CE15DBFE299DCA24008D654F /* ElementGroupLog.swift in Sources */ = {isa = PBXBuildFile; fileRef = CE15DBFD299DCA24008D654F /* ElementGroupLog.swift */; };
		CE1F6991299B611C0030B21D /* NewProjectApp.swift in Sources */ = {isa = PBXBuildFile; fileRef = CE1F6990299B611C0030B21D /* NewProjectApp.swift */; };
		CE1F6993299B611C0030B21D /* ContentView.swift in Sources */ = {isa = PBXBuildFile; fileRef = CE1F6992299B611C0030B21D /* ContentView.swift */; };
		CE1F6995299B611C0030B21D /* Assets.xcassets in Resources */ = {isa = PBXBuildFile; fileRef = CE1F6994299B611C0030B21D /* Assets.xcassets */; };
		CE1F6999299B611C0030B21D /* Preview Assets.xcassets in Resources */ = {isa = PBXBuildFile; fileRef = CE1F6998299B611C0030B21D /* Preview Assets.xcassets */; };
		CE2E7222299E2AAA00444F44 /* Capsule.swift in Sources */ = {isa = PBXBuildFile; fileRef = CE2E7221299E2AAA00444F44 /* Capsule.swift */; };
		CE313CEE299E76B700A63768 /* ElementLocationMass.swift in Sources */ = {isa = PBXBuildFile; fileRef = CE313CED299E76B700A63768 /* ElementLocationMass.swift */; };
		CE7D8964299DE32200CBEB16 /* RecipeGroupLog.swift in Sources */ = {isa = PBXBuildFile; fileRef = CE7D8963299DE32200CBEB16 /* RecipeGroupLog.swift */; };
		CE7D8966299DF5B800CBEB16 /* PlanGenerator.swift in Sources */ = {isa = PBXBuildFile; fileRef = CE7D8965299DF5B800CBEB16 /* PlanGenerator.swift */; };
		CE7D8968299DF5CD00CBEB16 /* PlanCalculator.swift in Sources */ = {isa = PBXBuildFile; fileRef = CE7D8967299DF5CD00CBEB16 /* PlanCalculator.swift */; };
		CE7D896A299DF5E000CBEB16 /* PlanManager.swift in Sources */ = {isa = PBXBuildFile; fileRef = CE7D8969299DF5E000CBEB16 /* PlanManager.swift */; };
		CE7D896E299DF79E00CBEB16 /* Bridge.swift in Sources */ = {isa = PBXBuildFile; fileRef = CE7D896D299DF79E00CBEB16 /* Bridge.swift */; };
		CE7D8970299DF86300CBEB16 /* Plan.swift in Sources */ = {isa = PBXBuildFile; fileRef = CE7D896F299DF86300CBEB16 /* Plan.swift */; };
		CE87B8AD299BAC38000B0C31 /* Sidebar.swift in Sources */ = {isa = PBXBuildFile; fileRef = CE87B8AC299BAC38000B0C31 /* Sidebar.swift */; };
		CE87B8AF299BAC49000B0C31 /* Detail.swift in Sources */ = {isa = PBXBuildFile; fileRef = CE87B8AE299BAC49000B0C31 /* Detail.swift */; };
		CE87B8B1299BAC5C000B0C31 /* VendorDetail.swift in Sources */ = {isa = PBXBuildFile; fileRef = CE87B8B0299BAC5C000B0C31 /* VendorDetail.swift */; };
		CE87B8B3299BAC84000B0C31 /* VendorManager.swift in Sources */ = {isa = PBXBuildFile; fileRef = CE87B8B2299BAC84000B0C31 /* VendorManager.swift */; };
		CE87B8B5299BAC96000B0C31 /* VendorData.swift in Sources */ = {isa = PBXBuildFile; fileRef = CE87B8B4299BAC96000B0C31 /* VendorData.swift */; };
		CE87B8B7299BACA2000B0C31 /* EGroupManager.swift in Sources */ = {isa = PBXBuildFile; fileRef = CE87B8B6299BACA2000B0C31 /* EGroupManager.swift */; };
		CE87B8B9299BACA8000B0C31 /* RGroupManager.swift in Sources */ = {isa = PBXBuildFile; fileRef = CE87B8B8299BACA8000B0C31 /* RGroupManager.swift */; };
		CE87B8BB299BACAE000B0C31 /* Element.swift in Sources */ = {isa = PBXBuildFile; fileRef = CE87B8BA299BACAE000B0C31 /* Element.swift */; };
		CE87B8BD299BACB1000B0C31 /* Recipe.swift in Sources */ = {isa = PBXBuildFile; fileRef = CE87B8BC299BACB1000B0C31 /* Recipe.swift */; };
		CE87B8BF299BACC3000B0C31 /* StartManager.swift in Sources */ = {isa = PBXBuildFile; fileRef = CE87B8BE299BACC3000B0C31 /* StartManager.swift */; };
		CE87B8C1299BACCD000B0C31 /* Ingredient.swift in Sources */ = {isa = PBXBuildFile; fileRef = CE87B8C0299BACCD000B0C31 /* Ingredient.swift */; };
		CE87B8C7299BB2BE000B0C31 /* ElementGroup.swift in Sources */ = {isa = PBXBuildFile; fileRef = CE87B8C6299BB2BE000B0C31 /* ElementGroup.swift */; };
		CE87B8C9299BB2C5000B0C31 /* RecipeGroup.swift in Sources */ = {isa = PBXBuildFile; fileRef = CE87B8C8299BB2C5000B0C31 /* RecipeGroup.swift */; };
		CE87B8CC299BB890000B0C31 /* Method.swift in Sources */ = {isa = PBXBuildFile; fileRef = CE87B8CB299BB890000B0C31 /* Method.swift */; };
		CE87B8D2299BC6E3000B0C31 /* InfoManager.swift in Sources */ = {isa = PBXBuildFile; fileRef = CE87B8D1299BC6E3000B0C31 /* InfoManager.swift */; };
		CE87B8D4299BC8D1000B0C31 /* Unit.swift in Sources */ = {isa = PBXBuildFile; fileRef = CE87B8D3299BC8D1000B0C31 /* Unit.swift */; };
		CE87B8D6299BC8D8000B0C31 /* ElementUnit.swift in Sources */ = {isa = PBXBuildFile; fileRef = CE87B8D5299BC8D8000B0C31 /* ElementUnit.swift */; };
		CE87B8D8299BD081000B0C31 /* NetworkManager.swift in Sources */ = {isa = PBXBuildFile; fileRef = CE87B8D7299BD081000B0C31 /* NetworkManager.swift */; };
		CE87B8DB299BD168000B0C31 /* Endpoint.swift in Sources */ = {isa = PBXBuildFile; fileRef = CE87B8DA299BD168000B0C31 /* Endpoint.swift */; };
		CE87B8DF299BD726000B0C31 /* Request.swift in Sources */ = {isa = PBXBuildFile; fileRef = CE87B8DE299BD726000B0C31 /* Request.swift */; };
/* End PBXBuildFile section */

/* Begin PBXFileReference section */
		CE15DBE4299CBEFD008D654F /* SidebarCategory.swift */ = {isa = PBXFileReference; lastKnownFileType = sourcecode.swift; path = SidebarCategory.swift; sourceTree = "<group>"; };
		CE15DBE6299CBF78008D654F /* Inspector.swift */ = {isa = PBXFileReference; lastKnownFileType = sourcecode.swift; path = Inspector.swift; sourceTree = "<group>"; };
		CE15DBE9299CC4A1008D654F /* StartDetail.swift */ = {isa = PBXFileReference; lastKnownFileType = sourcecode.swift; path = StartDetail.swift; sourceTree = "<group>"; };
		CE15DBEB299CC5BB008D654F /* RecipeReference.swift */ = {isa = PBXFileReference; lastKnownFileType = sourcecode.swift; path = RecipeReference.swift; sourceTree = "<group>"; };
		CE15DBF2299CD514008D654F /* EGroupDetail.swift */ = {isa = PBXFileReference; lastKnownFileType = sourcecode.swift; path = EGroupDetail.swift; sourceTree = "<group>"; };
		CE15DBF4299CEFFE008D654F /* DoubleTapContainer.swift */ = {isa = PBXFileReference; lastKnownFileType = sourcecode.swift; path = DoubleTapContainer.swift; sourceTree = "<group>"; };
		CE15DBF7299DBAA6008D654F /* Recipeinfo.swift */ = {isa = PBXFileReference; lastKnownFileType = sourcecode.swift; path = Recipeinfo.swift; sourceTree = "<group>"; };
		CE15DBF9299DBAB5008D654F /* Elementinfo.swift */ = {isa = PBXFileReference; lastKnownFileType = sourcecode.swift; path = Elementinfo.swift; sourceTree = "<group>"; };
		CE15DBFB299DBAC0008D654F /* Vendorinfo.swift */ = {isa = PBXFileReference; lastKnownFileType = sourcecode.swift; path = Vendorinfo.swift; sourceTree = "<group>"; };
		CE15DBFD299DCA24008D654F /* ElementGroupLog.swift */ = {isa = PBXFileReference; lastKnownFileType = sourcecode.swift; path = ElementGroupLog.swift; sourceTree = "<group>"; };
		CE1F698D299B611C0030B21D /* NewProject.app */ = {isa = PBXFileReference; explicitFileType = wrapper.application; includeInIndex = 0; path = NewProject.app; sourceTree = BUILT_PRODUCTS_DIR; };
		CE1F6990299B611C0030B21D /* NewProjectApp.swift */ = {isa = PBXFileReference; lastKnownFileType = sourcecode.swift; path = NewProjectApp.swift; sourceTree = "<group>"; };
		CE1F6992299B611C0030B21D /* ContentView.swift */ = {isa = PBXFileReference; lastKnownFileType = sourcecode.swift; path = ContentView.swift; sourceTree = "<group>"; };
		CE1F6994299B611C0030B21D /* Assets.xcassets */ = {isa = PBXFileReference; lastKnownFileType = folder.assetcatalog; path = Assets.xcassets; sourceTree = "<group>"; };
		CE1F6996299B611C0030B21D /* NewProject.entitlements */ = {isa = PBXFileReference; lastKnownFileType = text.plist.entitlements; path = NewProject.entitlements; sourceTree = "<group>"; };
		CE1F6998299B611C0030B21D /* Preview Assets.xcassets */ = {isa = PBXFileReference; lastKnownFileType = folder.assetcatalog; path = "Preview Assets.xcassets"; sourceTree = "<group>"; };
		CE2E7221299E2AAA00444F44 /* Capsule.swift */ = {isa = PBXFileReference; lastKnownFileType = sourcecode.swift; path = Capsule.swift; sourceTree = "<group>"; };
		CE313CED299E76B700A63768 /* ElementLocationMass.swift */ = {isa = PBXFileReference; lastKnownFileType = sourcecode.swift; path = ElementLocationMass.swift; sourceTree = "<group>"; };
		CE7D8963299DE32200CBEB16 /* RecipeGroupLog.swift */ = {isa = PBXFileReference; lastKnownFileType = sourcecode.swift; path = RecipeGroupLog.swift; sourceTree = "<group>"; };
		CE7D8965299DF5B800CBEB16 /* PlanGenerator.swift */ = {isa = PBXFileReference; lastKnownFileType = sourcecode.swift; path = PlanGenerator.swift; sourceTree = "<group>"; };
		CE7D8967299DF5CD00CBEB16 /* PlanCalculator.swift */ = {isa = PBXFileReference; lastKnownFileType = sourcecode.swift; path = PlanCalculator.swift; sourceTree = "<group>"; };
		CE7D8969299DF5E000CBEB16 /* PlanManager.swift */ = {isa = PBXFileReference; lastKnownFileType = sourcecode.swift; path = PlanManager.swift; sourceTree = "<group>"; };
		CE7D896D299DF79E00CBEB16 /* Bridge.swift */ = {isa = PBXFileReference; lastKnownFileType = sourcecode.swift; path = Bridge.swift; sourceTree = "<group>"; };
		CE7D896F299DF86300CBEB16 /* Plan.swift */ = {isa = PBXFileReference; lastKnownFileType = sourcecode.swift; path = Plan.swift; sourceTree = "<group>"; };
		CE87B8AC299BAC38000B0C31 /* Sidebar.swift */ = {isa = PBXFileReference; lastKnownFileType = sourcecode.swift; path = Sidebar.swift; sourceTree = "<group>"; };
		CE87B8AE299BAC49000B0C31 /* Detail.swift */ = {isa = PBXFileReference; lastKnownFileType = sourcecode.swift; path = Detail.swift; sourceTree = "<group>"; };
		CE87B8B0299BAC5C000B0C31 /* VendorDetail.swift */ = {isa = PBXFileReference; lastKnownFileType = sourcecode.swift; path = VendorDetail.swift; sourceTree = "<group>"; };
		CE87B8B2299BAC84000B0C31 /* VendorManager.swift */ = {isa = PBXFileReference; lastKnownFileType = sourcecode.swift; path = VendorManager.swift; sourceTree = "<group>"; };
		CE87B8B4299BAC96000B0C31 /* VendorData.swift */ = {isa = PBXFileReference; lastKnownFileType = sourcecode.swift; path = VendorData.swift; sourceTree = "<group>"; };
		CE87B8B6299BACA2000B0C31 /* EGroupManager.swift */ = {isa = PBXFileReference; lastKnownFileType = sourcecode.swift; path = EGroupManager.swift; sourceTree = "<group>"; };
		CE87B8B8299BACA8000B0C31 /* RGroupManager.swift */ = {isa = PBXFileReference; lastKnownFileType = sourcecode.swift; path = RGroupManager.swift; sourceTree = "<group>"; };
		CE87B8BA299BACAE000B0C31 /* Element.swift */ = {isa = PBXFileReference; lastKnownFileType = sourcecode.swift; path = Element.swift; sourceTree = "<group>"; };
		CE87B8BC299BACB1000B0C31 /* Recipe.swift */ = {isa = PBXFileReference; lastKnownFileType = sourcecode.swift; path = Recipe.swift; sourceTree = "<group>"; };
		CE87B8BE299BACC3000B0C31 /* StartManager.swift */ = {isa = PBXFileReference; lastKnownFileType = sourcecode.swift; path = StartManager.swift; sourceTree = "<group>"; };
		CE87B8C0299BACCD000B0C31 /* Ingredient.swift */ = {isa = PBXFileReference; lastKnownFileType = sourcecode.swift; path = Ingredient.swift; sourceTree = "<group>"; };
		CE87B8C6299BB2BE000B0C31 /* ElementGroup.swift */ = {isa = PBXFileReference; lastKnownFileType = sourcecode.swift; path = ElementGroup.swift; sourceTree = "<group>"; };
		CE87B8C8299BB2C5000B0C31 /* RecipeGroup.swift */ = {isa = PBXFileReference; lastKnownFileType = sourcecode.swift; path = RecipeGroup.swift; sourceTree = "<group>"; };
		CE87B8CB299BB890000B0C31 /* Method.swift */ = {isa = PBXFileReference; lastKnownFileType = sourcecode.swift; path = Method.swift; sourceTree = "<group>"; };
		CE87B8D1299BC6E3000B0C31 /* InfoManager.swift */ = {isa = PBXFileReference; lastKnownFileType = sourcecode.swift; path = InfoManager.swift; sourceTree = "<group>"; };
		CE87B8D3299BC8D1000B0C31 /* Unit.swift */ = {isa = PBXFileReference; lastKnownFileType = sourcecode.swift; path = Unit.swift; sourceTree = "<group>"; };
		CE87B8D5299BC8D8000B0C31 /* ElementUnit.swift */ = {isa = PBXFileReference; lastKnownFileType = sourcecode.swift; path = ElementUnit.swift; sourceTree = "<group>"; };
		CE87B8D7299BD081000B0C31 /* NetworkManager.swift */ = {isa = PBXFileReference; lastKnownFileType = sourcecode.swift; path = NetworkManager.swift; sourceTree = "<group>"; };
		CE87B8DA299BD168000B0C31 /* Endpoint.swift */ = {isa = PBXFileReference; lastKnownFileType = sourcecode.swift; path = Endpoint.swift; sourceTree = "<group>"; };
		CE87B8DE299BD726000B0C31 /* Request.swift */ = {isa = PBXFileReference; lastKnownFileType = sourcecode.swift; path = Request.swift; sourceTree = "<group>"; };
/* End PBXFileReference section */

/* Begin PBXFrameworksBuildPhase section */
		CE1F698A299B611C0030B21D /* Frameworks */ = {
			isa = PBXFrameworksBuildPhase;
			buildActionMask = 2147483647;
			files = (
			);
			runOnlyForDeploymentPostprocessing = 0;
		};
/* End PBXFrameworksBuildPhase section */

/* Begin PBXGroup section */
		CE15DBED299CC5E4008D654F /* StartModel */ = {
			isa = PBXGroup;
			children = (
				CE87B8CB299BB890000B0C31 /* Method.swift */,
				CE87B8BC299BACB1000B0C31 /* Recipe.swift */,
				CE87B8C0299BACCD000B0C31 /* Ingredient.swift */,
				CE87B8D3299BC8D1000B0C31 /* Unit.swift */,
				CE87B8D5299BC8D8000B0C31 /* ElementUnit.swift */,
				CE15DBEB299CC5BB008D654F /* RecipeReference.swift */,
			);
			name = StartModel;
			sourceTree = "<group>";
		};
		CE15DBF6299DBA99008D654F /* Info */ = {
			isa = PBXGroup;
			children = (
				CE15DBF7299DBAA6008D654F /* Recipeinfo.swift */,
				CE15DBF9299DBAB5008D654F /* Elementinfo.swift */,
				CE15DBFB299DBAC0008D654F /* Vendorinfo.swift */,
			);
			path = Info;
			sourceTree = "<group>";
		};
		CE1F6984299B611B0030B21D = {
			isa = PBXGroup;
			children = (
				CE1F698F299B611C0030B21D /* NewProject */,
				CE1F698E299B611C0030B21D /* Products */,
			);
			sourceTree = "<group>";
		};
		CE1F698E299B611C0030B21D /* Products */ = {
			isa = PBXGroup;
			children = (
				CE1F698D299B611C0030B21D /* NewProject.app */,
			);
			name = Products;
			sourceTree = "<group>";
		};
		CE1F698F299B611C0030B21D /* NewProject */ = {
			isa = PBXGroup;
			children = (
				CE1F6990299B611C0030B21D /* NewProjectApp.swift */,
				CE87B8A5299BABD2000B0C31 /* View */,
				CE87B8A6299BABD9000B0C31 /* Model */,
				CE87B8CA299BB4B7000B0C31 /* Resources */,
				CE1F6994299B611C0030B21D /* Assets.xcassets */,
				CE1F6996299B611C0030B21D /* NewProject.entitlements */,
				CE1F6997299B611C0030B21D /* Preview Content */,
			);
			path = NewProject;
			sourceTree = "<group>";
		};
		CE1F6997299B611C0030B21D /* Preview Content */ = {
			isa = PBXGroup;
			children = (
				CE1F6998299B611C0030B21D /* Preview Assets.xcassets */,
			);
			path = "Preview Content";
			sourceTree = "<group>";
		};
		CE7D8962299DDC5F00CBEB16 /* Plan */ = {
			isa = PBXGroup;
			children = (
				CE7D896C299DF79400CBEB16 /* PlanModel */,
				CE7D8969299DF5E000CBEB16 /* PlanManager.swift */,
				CE7D8965299DF5B800CBEB16 /* PlanGenerator.swift */,
				CE7D8967299DF5CD00CBEB16 /* PlanCalculator.swift */,
			);
			name = Plan;
			sourceTree = "<group>";
		};
		CE7D896C299DF79400CBEB16 /* PlanModel */ = {
			isa = PBXGroup;
			children = (
				CE7D896D299DF79E00CBEB16 /* Bridge.swift */,
				CE2E7221299E2AAA00444F44 /* Capsule.swift */,
				CE7D896F299DF86300CBEB16 /* Plan.swift */,
				CE313CED299E76B700A63768 /* ElementLocationMass.swift */,
			);
			name = PlanModel;
			sourceTree = "<group>";
		};
		CE87B8A5299BABD2000B0C31 /* View */ = {
			isa = PBXGroup;
			children = (
				CE1F6992299B611C0030B21D /* ContentView.swift */,
				CE87B8AB299BAC10000B0C31 /* Navigation */,
				CE87B8AA299BAC0C000B0C31 /* Vendor */,
				CE87B8A9299BAC03000B0C31 /* Start */,
				CE87B8A8299BABFE000B0C31 /* RGroup */,
				CE87B8A7299BABF7000B0C31 /* EGroup */,
				CE15DBF6299DBA99008D654F /* Info */,
			);
			path = View;
			sourceTree = "<group>";
		};
		CE87B8A6299BABD9000B0C31 /* Model */ = {
			isa = PBXGroup;
			children = (
				CE7D8962299DDC5F00CBEB16 /* Plan */,
				CE87B8D9299BD12B000B0C31 /* Network */,
				CE87B8C4299BB0AD000B0C31 /* Start */,
				CE87B8C3299BB098000B0C31 /* EGroup */,
				CE87B8C5299BB0BD000B0C31 /* RGroupManager */,
				CE87B8C2299BB093000B0C31 /* Vendor */,
			);
			name = Model;
			sourceTree = "<group>";
		};
		CE87B8A7299BABF7000B0C31 /* EGroup */ = {
			isa = PBXGroup;
			children = (
				CE15DBF2299CD514008D654F /* EGroupDetail.swift */,
			);
			path = EGroup;
			sourceTree = "<group>";
		};
		CE87B8A8299BABFE000B0C31 /* RGroup */ = {
			isa = PBXGroup;
			children = (
			);
			path = RGroup;
			sourceTree = "<group>";
		};
		CE87B8A9299BAC03000B0C31 /* Start */ = {
			isa = PBXGroup;
			children = (
				CE15DBE9299CC4A1008D654F /* StartDetail.swift */,
			);
			path = Start;
			sourceTree = "<group>";
		};
		CE87B8AA299BAC0C000B0C31 /* Vendor */ = {
			isa = PBXGroup;
			children = (
				CE87B8B0299BAC5C000B0C31 /* VendorDetail.swift */,
			);
			path = Vendor;
			sourceTree = "<group>";
		};
		CE87B8AB299BAC10000B0C31 /* Navigation */ = {
			isa = PBXGroup;
			children = (
				CE15DBE4299CBEFD008D654F /* SidebarCategory.swift */,
				CE87B8AC299BAC38000B0C31 /* Sidebar.swift */,
				CE87B8AE299BAC49000B0C31 /* Detail.swift */,
				CE15DBE6299CBF78008D654F /* Inspector.swift */,
				CE15DBF4299CEFFE008D654F /* DoubleTapContainer.swift */,
			);
			path = Navigation;
			sourceTree = "<group>";
		};
		CE87B8C2299BB093000B0C31 /* Vendor */ = {
			isa = PBXGroup;
			children = (
				CE87B8B2299BAC84000B0C31 /* VendorManager.swift */,
				CE87B8B4299BAC96000B0C31 /* VendorData.swift */,
			);
			name = Vendor;
			sourceTree = "<group>";
		};
		CE87B8C3299BB098000B0C31 /* EGroup */ = {
			isa = PBXGroup;
			children = (
				CE87B8B6299BACA2000B0C31 /* EGroupManager.swift */,
				CE87B8C6299BB2BE000B0C31 /* ElementGroup.swift */,
				CE15DBFD299DCA24008D654F /* ElementGroupLog.swift */,
				CE87B8BA299BACAE000B0C31 /* Element.swift */,
			);
			name = EGroup;
			sourceTree = "<group>";
		};
		CE87B8C4299BB0AD000B0C31 /* Start */ = {
			isa = PBXGroup;
			children = (
				CE87B8BE299BACC3000B0C31 /* StartManager.swift */,
				CE87B8D1299BC6E3000B0C31 /* InfoManager.swift */,
				CE15DBED299CC5E4008D654F /* StartModel */,
			);
			name = Start;
			sourceTree = "<group>";
		};
		CE87B8C5299BB0BD000B0C31 /* RGroupManager */ = {
			isa = PBXGroup;
			children = (
				CE87B8B8299BACA8000B0C31 /* RGroupManager.swift */,
				CE87B8C8299BB2C5000B0C31 /* RecipeGroup.swift */,
				CE7D8963299DE32200CBEB16 /* RecipeGroupLog.swift */,
			);
			name = RGroupManager;
			sourceTree = "<group>";
		};
		CE87B8CA299BB4B7000B0C31 /* Resources */ = {
			isa = PBXGroup;
			children = (
			);
			path = Resources;
			sourceTree = "<group>";
		};
		CE87B8D9299BD12B000B0C31 /* Network */ = {
			isa = PBXGroup;
			children = (
				CE87B8D7299BD081000B0C31 /* NetworkManager.swift */,
				CE87B8DA299BD168000B0C31 /* Endpoint.swift */,
				CE87B8DE299BD726000B0C31 /* Request.swift */,
			);
			name = Network;
			sourceTree = "<group>";
		};
/* End PBXGroup section */

/* Begin PBXNativeTarget section */
		CE1F698C299B611C0030B21D /* NewProject */ = {
			isa = PBXNativeTarget;
			buildConfigurationList = CE1F699C299B611C0030B21D /* Build configuration list for PBXNativeTarget "NewProject" */;
			buildPhases = (
				CE1F6989299B611C0030B21D /* Sources */,
				CE1F698A299B611C0030B21D /* Frameworks */,
				CE1F698B299B611C0030B21D /* Resources */,
			);
			buildRules = (
			);
			dependencies = (
			);
			name = NewProject;
			productName = NewProject;
			productReference = CE1F698D299B611C0030B21D /* NewProject.app */;
			productType = "com.apple.product-type.application";
		};
/* End PBXNativeTarget section */

/* Begin PBXProject section */
		CE1F6985299B611B0030B21D /* Project object */ = {
			isa = PBXProject;
			attributes = {
				BuildIndependentTargetsInParallel = 1;
				LastSwiftUpdateCheck = 1420;
				LastUpgradeCheck = 1420;
				TargetAttributes = {
					CE1F698C299B611C0030B21D = {
						CreatedOnToolsVersion = 14.2;
					};
				};
			};
			buildConfigurationList = CE1F6988299B611B0030B21D /* Build configuration list for PBXProject "NewProject" */;
			compatibilityVersion = "Xcode 14.0";
			developmentRegion = en;
			hasScannedForEncodings = 0;
			knownRegions = (
				en,
				Base,
			);
			mainGroup = CE1F6984299B611B0030B21D;
			productRefGroup = CE1F698E299B611C0030B21D /* Products */;
			projectDirPath = "";
			projectRoot = "";
			targets = (
				CE1F698C299B611C0030B21D /* NewProject */,
			);
		};
/* End PBXProject section */

/* Begin PBXResourcesBuildPhase section */
		CE1F698B299B611C0030B21D /* Resources */ = {
			isa = PBXResourcesBuildPhase;
			buildActionMask = 2147483647;
			files = (
				CE1F6999299B611C0030B21D /* Preview Assets.xcassets in Resources */,
				CE1F6995299B611C0030B21D /* Assets.xcassets in Resources */,
			);
			runOnlyForDeploymentPostprocessing = 0;
		};
/* End PBXResourcesBuildPhase section */

/* Begin PBXSourcesBuildPhase section */
		CE1F6989299B611C0030B21D /* Sources */ = {
			isa = PBXSourcesBuildPhase;
			buildActionMask = 2147483647;
			files = (
				CE1F6993299B611C0030B21D /* ContentView.swift in Sources */,
				CE15DBEC299CC5BB008D654F /* RecipeReference.swift in Sources */,
				CE7D8966299DF5B800CBEB16 /* PlanGenerator.swift in Sources */,
				CE87B8C1299BACCD000B0C31 /* Ingredient.swift in Sources */,
				CE87B8AD299BAC38000B0C31 /* Sidebar.swift in Sources */,
				CE87B8D4299BC8D1000B0C31 /* Unit.swift in Sources */,
				CE87B8D2299BC6E3000B0C31 /* InfoManager.swift in Sources */,
				CE15DBFA299DBAB5008D654F /* Elementinfo.swift in Sources */,
				CE7D896E299DF79E00CBEB16 /* Bridge.swift in Sources */,
				CE7D8968299DF5CD00CBEB16 /* PlanCalculator.swift in Sources */,
				CE15DBE7299CBF78008D654F /* Inspector.swift in Sources */,
				CE15DBF8299DBAA6008D654F /* Recipeinfo.swift in Sources */,
				CE15DBFE299DCA24008D654F /* ElementGroupLog.swift in Sources */,
				CE87B8B1299BAC5C000B0C31 /* VendorDetail.swift in Sources */,
				CE15DBE5299CBEFD008D654F /* SidebarCategory.swift in Sources */,
				CE15DBF3299CD514008D654F /* EGroupDetail.swift in Sources */,
				CE87B8B7299BACA2000B0C31 /* EGroupManager.swift in Sources */,
				CE15DBF5299CEFFE008D654F /* DoubleTapContainer.swift in Sources */,
				CE87B8DB299BD168000B0C31 /* Endpoint.swift in Sources */,
				CE87B8BB299BACAE000B0C31 /* Element.swift in Sources */,
				CE87B8C7299BB2BE000B0C31 /* ElementGroup.swift in Sources */,
				CE87B8D6299BC8D8000B0C31 /* ElementUnit.swift in Sources */,
				CE87B8AF299BAC49000B0C31 /* Detail.swift in Sources */,
				CE7D896A299DF5E000CBEB16 /* PlanManager.swift in Sources */,
				CE87B8CC299BB890000B0C31 /* Method.swift in Sources */,
				CE87B8D8299BD081000B0C31 /* NetworkManager.swift in Sources */,
				CE87B8B9299BACA8000B0C31 /* RGroupManager.swift in Sources */,
				CE313CEE299E76B700A63768 /* ElementLocationMass.swift in Sources */,
				CE87B8DF299BD726000B0C31 /* Request.swift in Sources */,
				CE87B8B5299BAC96000B0C31 /* VendorData.swift in Sources */,
				CE15DBFC299DBAC0008D654F /* Vendorinfo.swift in Sources */,
				CE7D8970299DF86300CBEB16 /* Plan.swift in Sources */,
				CE15DBEA299CC4A1008D654F /* StartDetail.swift in Sources */,
				CE7D8964299DE32200CBEB16 /* RecipeGroupLog.swift in Sources */,
				CE1F6991299B611C0030B21D /* NewProjectApp.swift in Sources */,
				CE87B8BD299BACB1000B0C31 /* Recipe.swift in Sources */,
				CE87B8BF299BACC3000B0C31 /* StartManager.swift in Sources */,
				CE87B8C9299BB2C5000B0C31 /* RecipeGroup.swift in Sources */,
				CE2E7222299E2AAA00444F44 /* Capsule.swift in Sources */,
				CE87B8B3299BAC84000B0C31 /* VendorManager.swift in Sources */,
			);
			runOnlyForDeploymentPostprocessing = 0;
		};
/* End PBXSourcesBuildPhase section */

/* Begin XCBuildConfiguration section */
		CE1F699A299B611C0030B21D /* Debug */ = {
			isa = XCBuildConfiguration;
			buildSettings = {
				ALWAYS_SEARCH_USER_PATHS = NO;
				CLANG_ANALYZER_NONNULL = YES;
				CLANG_ANALYZER_NUMBER_OBJECT_CONVERSION = YES_AGGRESSIVE;
				CLANG_CXX_LANGUAGE_STANDARD = "gnu++20";
				CLANG_ENABLE_MODULES = YES;
				CLANG_ENABLE_OBJC_ARC = YES;
				CLANG_ENABLE_OBJC_WEAK = YES;
				CLANG_WARN_BLOCK_CAPTURE_AUTORELEASING = YES;
				CLANG_WARN_BOOL_CONVERSION = YES;
				CLANG_WARN_COMMA = YES;
				CLANG_WARN_CONSTANT_CONVERSION = YES;
				CLANG_WARN_DEPRECATED_OBJC_IMPLEMENTATIONS = YES;
				CLANG_WARN_DIRECT_OBJC_ISA_USAGE = YES_ERROR;
				CLANG_WARN_DOCUMENTATION_COMMENTS = YES;
				CLANG_WARN_EMPTY_BODY = YES;
				CLANG_WARN_ENUM_CONVERSION = YES;
				CLANG_WARN_INFINITE_RECURSION = YES;
				CLANG_WARN_INT_CONVERSION = YES;
				CLANG_WARN_NON_LITERAL_NULL_CONVERSION = YES;
				CLANG_WARN_OBJC_IMPLICIT_RETAIN_SELF = YES;
				CLANG_WARN_OBJC_LITERAL_CONVERSION = YES;
				CLANG_WARN_OBJC_ROOT_CLASS = YES_ERROR;
				CLANG_WARN_QUOTED_INCLUDE_IN_FRAMEWORK_HEADER = YES;
				CLANG_WARN_RANGE_LOOP_ANALYSIS = YES;
				CLANG_WARN_STRICT_PROTOTYPES = YES;
				CLANG_WARN_SUSPICIOUS_MOVE = YES;
				CLANG_WARN_UNGUARDED_AVAILABILITY = YES_AGGRESSIVE;
				CLANG_WARN_UNREACHABLE_CODE = YES;
				CLANG_WARN__DUPLICATE_METHOD_MATCH = YES;
				COPY_PHASE_STRIP = NO;
				DEBUG_INFORMATION_FORMAT = dwarf;
				ENABLE_STRICT_OBJC_MSGSEND = YES;
				ENABLE_TESTABILITY = YES;
				GCC_C_LANGUAGE_STANDARD = gnu11;
				GCC_DYNAMIC_NO_PIC = NO;
				GCC_NO_COMMON_BLOCKS = YES;
				GCC_OPTIMIZATION_LEVEL = 0;
				GCC_PREPROCESSOR_DEFINITIONS = (
					"DEBUG=1",
					"$(inherited)",
				);
				GCC_WARN_64_TO_32_BIT_CONVERSION = YES;
				GCC_WARN_ABOUT_RETURN_TYPE = YES_ERROR;
				GCC_WARN_UNDECLARED_SELECTOR = YES;
				GCC_WARN_UNINITIALIZED_AUTOS = YES_AGGRESSIVE;
				GCC_WARN_UNUSED_FUNCTION = YES;
				GCC_WARN_UNUSED_VARIABLE = YES;
				MTL_ENABLE_DEBUG_INFO = INCLUDE_SOURCE;
				MTL_FAST_MATH = YES;
				ONLY_ACTIVE_ARCH = YES;
				SWIFT_ACTIVE_COMPILATION_CONDITIONS = DEBUG;
				SWIFT_OPTIMIZATION_LEVEL = "-Onone";
			};
			name = Debug;
		};
		CE1F699B299B611C0030B21D /* Release */ = {
			isa = XCBuildConfiguration;
			buildSettings = {
				ALWAYS_SEARCH_USER_PATHS = NO;
				CLANG_ANALYZER_NONNULL = YES;
				CLANG_ANALYZER_NUMBER_OBJECT_CONVERSION = YES_AGGRESSIVE;
				CLANG_CXX_LANGUAGE_STANDARD = "gnu++20";
				CLANG_ENABLE_MODULES = YES;
				CLANG_ENABLE_OBJC_ARC = YES;
				CLANG_ENABLE_OBJC_WEAK = YES;
				CLANG_WARN_BLOCK_CAPTURE_AUTORELEASING = YES;
				CLANG_WARN_BOOL_CONVERSION = YES;
				CLANG_WARN_COMMA = YES;
				CLANG_WARN_CONSTANT_CONVERSION = YES;
				CLANG_WARN_DEPRECATED_OBJC_IMPLEMENTATIONS = YES;
				CLANG_WARN_DIRECT_OBJC_ISA_USAGE = YES_ERROR;
				CLANG_WARN_DOCUMENTATION_COMMENTS = YES;
				CLANG_WARN_EMPTY_BODY = YES;
				CLANG_WARN_ENUM_CONVERSION = YES;
				CLANG_WARN_INFINITE_RECURSION = YES;
				CLANG_WARN_INT_CONVERSION = YES;
				CLANG_WARN_NON_LITERAL_NULL_CONVERSION = YES;
				CLANG_WARN_OBJC_IMPLICIT_RETAIN_SELF = YES;
				CLANG_WARN_OBJC_LITERAL_CONVERSION = YES;
				CLANG_WARN_OBJC_ROOT_CLASS = YES_ERROR;
				CLANG_WARN_QUOTED_INCLUDE_IN_FRAMEWORK_HEADER = YES;
				CLANG_WARN_RANGE_LOOP_ANALYSIS = YES;
				CLANG_WARN_STRICT_PROTOTYPES = YES;
				CLANG_WARN_SUSPICIOUS_MOVE = YES;
				CLANG_WARN_UNGUARDED_AVAILABILITY = YES_AGGRESSIVE;
				CLANG_WARN_UNREACHABLE_CODE = YES;
				CLANG_WARN__DUPLICATE_METHOD_MATCH = YES;
				COPY_PHASE_STRIP = NO;
				DEBUG_INFORMATION_FORMAT = "dwarf-with-dsym";
				ENABLE_NS_ASSERTIONS = NO;
				ENABLE_STRICT_OBJC_MSGSEND = YES;
				GCC_C_LANGUAGE_STANDARD = gnu11;
				GCC_NO_COMMON_BLOCKS = YES;
				GCC_WARN_64_TO_32_BIT_CONVERSION = YES;
				GCC_WARN_ABOUT_RETURN_TYPE = YES_ERROR;
				GCC_WARN_UNDECLARED_SELECTOR = YES;
				GCC_WARN_UNINITIALIZED_AUTOS = YES_AGGRESSIVE;
				GCC_WARN_UNUSED_FUNCTION = YES;
				GCC_WARN_UNUSED_VARIABLE = YES;
				MTL_ENABLE_DEBUG_INFO = NO;
				MTL_FAST_MATH = YES;
				SWIFT_COMPILATION_MODE = wholemodule;
				SWIFT_OPTIMIZATION_LEVEL = "-O";
			};
			name = Release;
		};
		CE1F699D299B611C0030B21D /* Debug */ = {
			isa = XCBuildConfiguration;
			buildSettings = {
				ASSETCATALOG_COMPILER_APPICON_NAME = AppIcon;
				ASSETCATALOG_COMPILER_GLOBAL_ACCENT_COLOR_NAME = AccentColor;
				CODE_SIGN_ENTITLEMENTS = NewProject/NewProject.entitlements;
				CODE_SIGN_STYLE = Automatic;
				CURRENT_PROJECT_VERSION = 1;
				DEVELOPMENT_ASSET_PATHS = "\"NewProject/Preview Content\"";
				DEVELOPMENT_TEAM = 3X262XJF5T;
				ENABLE_HARDENED_RUNTIME = YES;
				ENABLE_PREVIEWS = YES;
				GENERATE_INFOPLIST_FILE = YES;
				"INFOPLIST_KEY_UIApplicationSceneManifest_Generation[sdk=iphoneos*]" = YES;
				"INFOPLIST_KEY_UIApplicationSceneManifest_Generation[sdk=iphonesimulator*]" = YES;
				"INFOPLIST_KEY_UIApplicationSupportsIndirectInputEvents[sdk=iphoneos*]" = YES;
				"INFOPLIST_KEY_UIApplicationSupportsIndirectInputEvents[sdk=iphonesimulator*]" = YES;
				"INFOPLIST_KEY_UILaunchScreen_Generation[sdk=iphoneos*]" = YES;
				"INFOPLIST_KEY_UILaunchScreen_Generation[sdk=iphonesimulator*]" = YES;
				"INFOPLIST_KEY_UIStatusBarStyle[sdk=iphoneos*]" = UIStatusBarStyleDefault;
				"INFOPLIST_KEY_UIStatusBarStyle[sdk=iphonesimulator*]" = UIStatusBarStyleDefault;
				INFOPLIST_KEY_UISupportedInterfaceOrientations_iPad = "UIInterfaceOrientationPortrait UIInterfaceOrientationPortraitUpsideDown UIInterfaceOrientationLandscapeLeft UIInterfaceOrientationLandscapeRight";
				INFOPLIST_KEY_UISupportedInterfaceOrientations_iPhone = "UIInterfaceOrientationPortrait UIInterfaceOrientationLandscapeLeft UIInterfaceOrientationLandscapeRight";
				IPHONEOS_DEPLOYMENT_TARGET = 16.2;
				LD_RUNPATH_SEARCH_PATHS = "@executable_path/Frameworks";
				"LD_RUNPATH_SEARCH_PATHS[sdk=macosx*]" = "@executable_path/../Frameworks";
				MACOSX_DEPLOYMENT_TARGET = 13.1;
				MARKETING_VERSION = 1.0;
				PRODUCT_BUNDLE_IDENTIFIER = com.ginger.NewProject;
				PRODUCT_NAME = "$(TARGET_NAME)";
				SDKROOT = auto;
				SUPPORTED_PLATFORMS = macosx;
				SUPPORTS_MACCATALYST = NO;
				SUPPORTS_MAC_DESIGNED_FOR_IPHONE_IPAD = NO;
				SWIFT_EMIT_LOC_STRINGS = YES;
				SWIFT_VERSION = 5.0;
			};
			name = Debug;
		};
		CE1F699E299B611C0030B21D /* Release */ = {
			isa = XCBuildConfiguration;
			buildSettings = {
				ASSETCATALOG_COMPILER_APPICON_NAME = AppIcon;
				ASSETCATALOG_COMPILER_GLOBAL_ACCENT_COLOR_NAME = AccentColor;
				CODE_SIGN_ENTITLEMENTS = NewProject/NewProject.entitlements;
				CODE_SIGN_STYLE = Automatic;
				CURRENT_PROJECT_VERSION = 1;
				DEVELOPMENT_ASSET_PATHS = "\"NewProject/Preview Content\"";
				DEVELOPMENT_TEAM = 3X262XJF5T;
				ENABLE_HARDENED_RUNTIME = YES;
				ENABLE_PREVIEWS = YES;
				GENERATE_INFOPLIST_FILE = YES;
				"INFOPLIST_KEY_UIApplicationSceneManifest_Generation[sdk=iphoneos*]" = YES;
				"INFOPLIST_KEY_UIApplicationSceneManifest_Generation[sdk=iphonesimulator*]" = YES;
				"INFOPLIST_KEY_UIApplicationSupportsIndirectInputEvents[sdk=iphoneos*]" = YES;
				"INFOPLIST_KEY_UIApplicationSupportsIndirectInputEvents[sdk=iphonesimulator*]" = YES;
				"INFOPLIST_KEY_UILaunchScreen_Generation[sdk=iphoneos*]" = YES;
				"INFOPLIST_KEY_UILaunchScreen_Generation[sdk=iphonesimulator*]" = YES;
				"INFOPLIST_KEY_UIStatusBarStyle[sdk=iphoneos*]" = UIStatusBarStyleDefault;
				"INFOPLIST_KEY_UIStatusBarStyle[sdk=iphonesimulator*]" = UIStatusBarStyleDefault;
				INFOPLIST_KEY_UISupportedInterfaceOrientations_iPad = "UIInterfaceOrientationPortrait UIInterfaceOrientationPortraitUpsideDown UIInterfaceOrientationLandscapeLeft UIInterfaceOrientationLandscapeRight";
				INFOPLIST_KEY_UISupportedInterfaceOrientations_iPhone = "UIInterfaceOrientationPortrait UIInterfaceOrientationLandscapeLeft UIInterfaceOrientationLandscapeRight";
				IPHONEOS_DEPLOYMENT_TARGET = 16.2;
				LD_RUNPATH_SEARCH_PATHS = "@executable_path/Frameworks";
				"LD_RUNPATH_SEARCH_PATHS[sdk=macosx*]" = "@executable_path/../Frameworks";
				MACOSX_DEPLOYMENT_TARGET = 13.1;
				MARKETING_VERSION = 1.0;
				PRODUCT_BUNDLE_IDENTIFIER = com.ginger.NewProject;
				PRODUCT_NAME = "$(TARGET_NAME)";
				SDKROOT = auto;
				SUPPORTED_PLATFORMS = macosx;
				SUPPORTS_MACCATALYST = NO;
				SUPPORTS_MAC_DESIGNED_FOR_IPHONE_IPAD = NO;
				SWIFT_EMIT_LOC_STRINGS = YES;
				SWIFT_VERSION = 5.0;
			};
			name = Release;
		};
/* End XCBuildConfiguration section */

/* Begin XCConfigurationList section */
		CE1F6988299B611B0030B21D /* Build configuration list for PBXProject "NewProject" */ = {
			isa = XCConfigurationList;
			buildConfigurations = (
				CE1F699A299B611C0030B21D /* Debug */,
				CE1F699B299B611C0030B21D /* Release */,
			);
			defaultConfigurationIsVisible = 0;
			defaultConfigurationName = Release;
		};
		CE1F699C299B611C0030B21D /* Build configuration list for PBXNativeTarget "NewProject" */ = {
			isa = XCConfigurationList;
			buildConfigurations = (
				CE1F699D299B611C0030B21D /* Debug */,
				CE1F699E299B611C0030B21D /* Release */,
			);
			defaultConfigurationIsVisible = 0;
			defaultConfigurationName = Release;
		};
/* End XCConfigurationList section */
	};
	rootObject = CE1F6985299B611B0030B21D /* Project object */;
}
